
Microsoft Visual Studio Solution File, Format Version 12.00
# Visual Studio 15
VisualStudioVersion = 15.0.28307.168
MinimumVisualStudioVersion = 10.0.40219.1
Project("{FAE04EC0-301F-11D3-BF4B-00C04F79EFBC}") = "Project.MVC", "Project.MVC\Project.MVC.csproj", "{F9A8F5D5-29C5-46F3-A055-0B6D7811E12B}"
EndProject
Project("{FAE04EC0-301F-11D3-BF4B-00C04F79EFBC}") = "Project.Service", "Project.Service\Project.Service.csproj", "{681A0344-F432-4170-A49D-D8CB2D54FF12}"
EndProject
Global
	GlobalSection(SolutionConfigurationPlatforms) = preSolution
		Debug|Any CPU = Debug|Any CPU
		Release|Any CPU = Release|Any CPU
	EndGlobalSection
	GlobalSection(ProjectConfigurationPlatforms) = postSolution
		{F9A8F5D5-29C5-46F3-A055-0B6D7811E12B}.Debug|Any CPU.ActiveCfg = Debug|Any CPU
		{F9A8F5D5-29C5-46F3-A055-0B6D7811E12B}.Debug|Any CPU.Build.0 = Debug|Any CPU
		{F9A8F5D5-29C5-46F3-A055-0B6D7811E12B}.Release|Any CPU.ActiveCfg = Release|Any CPU
		{F9A8F5D5-29C5-46F3-A055-0B6D7811E12B}.Release|Any CPU.Build.0 = Release|Any CPU
		{681A0344-F432-4170-A49D-D8CB2D54FF12}.Debug|Any CPU.ActiveCfg = Debug|Any CPU
		{681A0344-F432-4170-A49D-D8CB2D54FF12}.Debug|Any CPU.Build.0 = Debug|Any CPU
		{681A0344-F432-4170-A49D-D8CB2D54FF12}.Release|Any CPU.ActiveCfg = Release|Any CPU
		{681A0344-F432-4170-A49D-D8CB2D54FF12}.Release|Any CPU.Build.0 = Release|Any CPU
	EndGlobalSection
	GlobalSection(SolutionProperties) = preSolution
		HideSolutionNode = FALSE
	EndGlobalSection
	GlobalSection(ExtensibilityGlobals) = postSolution
		SolutionGuid = {28C4EFD0-F276-4D4A-A7C6-E34A8F32B1E1}
	EndGlobalSection
EndGlobal
