
Microsoft Visual Studio Solution File, Format Version 12.00
# Visual Studio 15
VisualStudioVersion = 15.0.28307.168
MinimumVisualStudioVersion = 10.0.40219.1
Project("{FAE04EC0-301F-11D3-BF4B-00C04F79EFBC}") = "Vehicle.Repository", "Repository\Vehicle.Repository.csproj", "{18D5E644-5BF9-419B-9986-6A84A036A715}"
EndProject
Project("{FAE04EC0-301F-11D3-BF4B-00C04F79EFBC}") = "Vehicle.Model", "Model\Vehicle.Model.csproj", "{45C75FBD-5087-4814-B36A-91C5DBBB57F5}"
EndProject
Project("{FAE04EC0-301F-11D3-BF4B-00C04F79EFBC}") = "Vehicle.DAL", "DAL\Vehicle.DAL.csproj", "{40535EB2-86E2-47FC-BF72-2396BD4AE59C}"
EndProject
Project("{FAE04EC0-301F-11D3-BF4B-00C04F79EFBC}") = "Vehicle.Services", "Services\Vehicle.Services.csproj", "{33BC96BF-5EC3-418A-9EF0-DCE8BD60C108}"
EndProject
Project("{FAE04EC0-301F-11D3-BF4B-00C04F79EFBC}") = "Vehicle.MVC", "Vehicle.MVC\Vehicle.MVC.csproj", "{8C462922-5308-4DEA-9FE2-CE73E5F81958}"
EndProject
Global
	GlobalSection(SolutionConfigurationPlatforms) = preSolution
		Debug|Any CPU = Debug|Any CPU
		Release|Any CPU = Release|Any CPU
	EndGlobalSection
	GlobalSection(ProjectConfigurationPlatforms) = postSolution
		{18D5E644-5BF9-419B-9986-6A84A036A715}.Debug|Any CPU.ActiveCfg = Debug|Any CPU
		{18D5E644-5BF9-419B-9986-6A84A036A715}.Debug|Any CPU.Build.0 = Debug|Any CPU
		{18D5E644-5BF9-419B-9986-6A84A036A715}.Release|Any CPU.ActiveCfg = Release|Any CPU
		{18D5E644-5BF9-419B-9986-6A84A036A715}.Release|Any CPU.Build.0 = Release|Any CPU
		{45C75FBD-5087-4814-B36A-91C5DBBB57F5}.Debug|Any CPU.ActiveCfg = Debug|Any CPU
		{45C75FBD-5087-4814-B36A-91C5DBBB57F5}.Debug|Any CPU.Build.0 = Debug|Any CPU
		{45C75FBD-5087-4814-B36A-91C5DBBB57F5}.Release|Any CPU.ActiveCfg = Release|Any CPU
		{45C75FBD-5087-4814-B36A-91C5DBBB57F5}.Release|Any CPU.Build.0 = Release|Any CPU
		{40535EB2-86E2-47FC-BF72-2396BD4AE59C}.Debug|Any CPU.ActiveCfg = Debug|Any CPU
		{40535EB2-86E2-47FC-BF72-2396BD4AE59C}.Debug|Any CPU.Build.0 = Debug|Any CPU
		{40535EB2-86E2-47FC-BF72-2396BD4AE59C}.Release|Any CPU.ActiveCfg = Release|Any CPU
		{40535EB2-86E2-47FC-BF72-2396BD4AE59C}.Release|Any CPU.Build.0 = Release|Any CPU
		{33BC96BF-5EC3-418A-9EF0-DCE8BD60C108}.Debug|Any CPU.ActiveCfg = Debug|Any CPU
		{33BC96BF-5EC3-418A-9EF0-DCE8BD60C108}.Debug|Any CPU.Build.0 = Debug|Any CPU
		{33BC96BF-5EC3-418A-9EF0-DCE8BD60C108}.Release|Any CPU.ActiveCfg = Release|Any CPU
		{33BC96BF-5EC3-418A-9EF0-DCE8BD60C108}.Release|Any CPU.Build.0 = Release|Any CPU
		{8C462922-5308-4DEA-9FE2-CE73E5F81958}.Debug|Any CPU.ActiveCfg = Debug|Any CPU
		{8C462922-5308-4DEA-9FE2-CE73E5F81958}.Debug|Any CPU.Build.0 = Debug|Any CPU
		{8C462922-5308-4DEA-9FE2-CE73E5F81958}.Release|Any CPU.ActiveCfg = Release|Any CPU
		{8C462922-5308-4DEA-9FE2-CE73E5F81958}.Release|Any CPU.Build.0 = Release|Any CPU
	EndGlobalSection
	GlobalSection(SolutionProperties) = preSolution
		HideSolutionNode = FALSE
	EndGlobalSection
	GlobalSection(ExtensibilityGlobals) = postSolution
		SolutionGuid = {28C4EFD0-F276-4D4A-A7C6-E34A8F32B1E1}
	EndGlobalSection
EndGlobal
